<Solution>
  <Folder Name="/section4-setup/">
    <Project Path="section4-setup/HelloAgent/HelloAgent.csproj" />
  </Folder>
  <Folder Name="/section5-getting-started/">
    <Project Path="section5-getting-started/BasicAgentApp/BasicAgentApp.csproj" Id="196c45bc-8d94-4fd8-9bb0-54267136d2d3" />
    <Project Path="section5-getting-started/MultiTurn/MultiTurn.csproj" Id="e88c51be-e1ab-411c-9511-8be156af7cba" />
    <Project Path="section5-getting-started/Streaming/Streaming.csproj" Id="eae2f426-78cd-4a04-b39b-883089831951" />
    <Project Path="section5-getting-started/StructuredOutput/StructuredOutput.csproj" Id="f8c747d7-ebb6-4f81-ae31-56f72b8fd8a1" />
  </Folder>
  <Folder Name="/section5-getting-started/MinimalAgent/">
    <Project Path="section5-getting-started/MinimalAgent/AppHost/AppHost.csproj" />
    <Project Path="section5-getting-started/MinimalAgent/ServiceDefaults/ServiceDefaults.csproj" />
    <Project Path="section5-getting-started/MinimalAgent/WebApi/WebApi.csproj" />
  </Folder>
  <Folder Name="/section6-tool-use/">
    <Project Path="section6-tool-use/ApproveRequiredFunc/ApproveRequiredFunc.csproj" Id="8ed048d9-4931-48b7-aa65-4a39c1d925f7" />
    <Project Path="section6-tool-use/CodeInterpreter/CodeInterpreter.csproj" Id="b3de5f4b-db60-41d4-9a1e-2bcca3084fd4" />
    <Project Path="section6-tool-use/FunctionCall/FunctionCall.csproj" Id="0044f9d7-c5f1-4edd-baef-3f35c071151a" />
  </Folder>
  <Folder Name="/section6-tool-use/MinimalAgentWithTools/">
    <Project Path="section6-tool-use/MinimalAgentWithTools/AppHost/AppHost.csproj" />
    <Project Path="section6-tool-use/MinimalAgentWithTools/ServiceDefaults/ServiceDefaults.csproj" />
    <Project Path="section6-tool-use/MinimalAgentWithTools/WebApi/WebApi.csproj" />
  </Folder>
</Solution>
